
Microsoft Visual Studio Solution File, Format Version 12.00
# Visual Studio Version 17
VisualStudioVersion = 17.13.35806.99
MinimumVisualStudioVersion = 10.0.40219.1
Project("{FAE04EC0-301F-11D3-BF4B-00C04F79EFBC}") = "ProductSales.APP", "ProductSales.APP\ProductSales.APP.csproj", "{C1557F94-17F4-41FA-996F-15849790EDA7}"
EndProject
Project("{FAE04EC0-301F-11D3-BF4B-00C04F79EFBC}") = "ProductSales.Infrastructure", "ProductSales.Infrastructure\ProductSales.Infrastructure.csproj", "{9CAB3A7A-A5EC-4A13-BAC3-5251B10EAB71}"
EndProject
Project("{FAE04EC0-301F-11D3-BF4B-00C04F79EFBC}") = "ProductSales.APII", "ProductSales.APII\ProductSales.APII.csproj", "{40F41BFA-21FE-4454-8CC1-28AF91393507}"
EndProject
Project("{FAE04EC0-301F-11D3-BF4B-00C04F79EFBC}") = "ProductSales.Data", "ProductSales.Data\ProductSales.Data.csproj", "{95811BA8-7495-4B58-ABF1-6EE855E287D7}"
EndProject
Global
	GlobalSection(SolutionConfigurationPlatforms) = preSolution
		Debug|Any CPU = Debug|Any CPU
		Release|Any CPU = Release|Any CPU
	EndGlobalSection
	GlobalSection(ProjectConfigurationPlatforms) = postSolution
		{C1557F94-17F4-41FA-996F-15849790EDA7}.Debug|Any CPU.ActiveCfg = Debug|Any CPU
		{C1557F94-17F4-41FA-996F-15849790EDA7}.Debug|Any CPU.Build.0 = Debug|Any CPU
		{C1557F94-17F4-41FA-996F-15849790EDA7}.Release|Any CPU.ActiveCfg = Release|Any CPU
		{C1557F94-17F4-41FA-996F-15849790EDA7}.Release|Any CPU.Build.0 = Release|Any CPU
		{9CAB3A7A-A5EC-4A13-BAC3-5251B10EAB71}.Debug|Any CPU.ActiveCfg = Debug|Any CPU
		{9CAB3A7A-A5EC-4A13-BAC3-5251B10EAB71}.Debug|Any CPU.Build.0 = Debug|Any CPU
		{9CAB3A7A-A5EC-4A13-BAC3-5251B10EAB71}.Release|Any CPU.ActiveCfg = Release|Any CPU
		{9CAB3A7A-A5EC-4A13-BAC3-5251B10EAB71}.Release|Any CPU.Build.0 = Release|Any CPU
		{40F41BFA-21FE-4454-8CC1-28AF91393507}.Debug|Any CPU.ActiveCfg = Debug|Any CPU
		{40F41BFA-21FE-4454-8CC1-28AF91393507}.Debug|Any CPU.Build.0 = Debug|Any CPU
		{40F41BFA-21FE-4454-8CC1-28AF91393507}.Release|Any CPU.ActiveCfg = Release|Any CPU
		{40F41BFA-21FE-4454-8CC1-28AF91393507}.Release|Any CPU.Build.0 = Release|Any CPU
		{95811BA8-7495-4B58-ABF1-6EE855E287D7}.Debug|Any CPU.ActiveCfg = Debug|Any CPU
		{95811BA8-7495-4B58-ABF1-6EE855E287D7}.Debug|Any CPU.Build.0 = Debug|Any CPU
		{95811BA8-7495-4B58-ABF1-6EE855E287D7}.Release|Any CPU.ActiveCfg = Release|Any CPU
		{95811BA8-7495-4B58-ABF1-6EE855E287D7}.Release|Any CPU.Build.0 = Release|Any CPU
	EndGlobalSection
	GlobalSection(SolutionProperties) = preSolution
		HideSolutionNode = FALSE
	EndGlobalSection
	GlobalSection(ExtensibilityGlobals) = postSolution
		SolutionGuid = {BCCA2140-5D8B-4250-BEFE-AD05265F3D02}
	EndGlobalSection
EndGlobal
